
Microsoft Visual Studio Solution File, Format Version 12.00
# Visual Studio 14
VisualStudioVersion = 14.0.25420.1
MinimumVisualStudioVersion = 10.0.40219.1
Project("{2150E333-8FDC-42A3-9474-1A3956D46DE8}") = "Lesson_1", "Lesson_1", "{DF3C7073-F609-4873-91B8-973FC77CFEAF}"
EndProject
Project("{FAE04EC0-301F-11D3-BF4B-00C04F79EFBC}") = "BinaryGap", "Lesson_1\BinaryGap\BinaryGap.csproj", "{FB03908C-3C0D-4259-A991-16B085D8F1D1}"
EndProject
Project("{FAE04EC0-301F-11D3-BF4B-00C04F79EFBC}") = "BinaryGapTests", "Lesson_1\BinaryGapTests\BinaryGapTests.csproj", "{5104F220-9C8B-41E4-8D7B-0A435C3FC485}"
EndProject
Project("{2150E333-8FDC-42A3-9474-1A3956D46DE8}") = "Lesson_2_OddOccurencesInArray", "Lesson_2_OddOccurencesInArray", "{494D84F6-32BD-4EEE-82FE-B733F95DCEB0}"
EndProject
Project("{FAE04EC0-301F-11D3-BF4B-00C04F79EFBC}") = "OddOccurencies", "Lesson_2_OddOccurenciesInArray\OddOccurencies\OddOccurencies.csproj", "{04080959-EAC3-4D5B-A0A2-6E136128E932}"
EndProject
Project("{FAE04EC0-301F-11D3-BF4B-00C04F79EFBC}") = "OddOccurenciesTests", "Lesson_2_OddOccurenciesInArray\OddOccurenciesTests\OddOccurenciesTests.csproj", "{EE8BADE2-394B-40EF-A9A8-7FFF29C2C3A2}"
EndProject
Project("{2150E333-8FDC-42A3-9474-1A3956D46DE8}") = "Lesson_2_CyclicRotation", "Lesson_2_CyclicRotation", "{A6FF4749-6A9D-44FD-8B35-B25FBC5943DE}"
EndProject
Project("{FAE04EC0-301F-11D3-BF4B-00C04F79EFBC}") = "Rotation", "Lesson_2_CyclicRotation\Rotation\Rotation.csproj", "{AAFD3A19-97F4-4689-B90B-DFC5938AAB5F}"
EndProject
Project("{FAE04EC0-301F-11D3-BF4B-00C04F79EFBC}") = "RotationTests", "Lesson_2_CyclicRotation\RotationTests\RotationTests.csproj", "{4863E0DE-989A-4A45-AC8D-858188AAD305}"
EndProject
Project("{2150E333-8FDC-42A3-9474-1A3956D46DE8}") = "Lesson_3_TapeEquilibrium", "Lesson_3_TapeEquilibrium", "{12FD6613-1240-49E8-B002-15CD9EE7C275}"
EndProject
Project("{FAE04EC0-301F-11D3-BF4B-00C04F79EFBC}") = "TapeEquilibrium", "Lesson_3_TapeEquilibrium\TapeEquilibrium\TapeEquilibrium.csproj", "{B83337D1-B48C-4CC6-822C-04D622AA36E5}"
EndProject
Project("{FAE04EC0-301F-11D3-BF4B-00C04F79EFBC}") = "TapeEquilibriumTests", "Lesson_3_TapeEquilibrium\TapeEquilibriumTests\TapeEquilibriumTests.csproj", "{0A94208A-6FD3-45AB-B70A-90126D8860CF}"
EndProject
Project("{2150E333-8FDC-42A3-9474-1A3956D46DE8}") = "Lesson_0_Example", "Lesson_0_Example", "{DAAA50A8-AA14-4B1A-B41B-2D0FCD28738A}"
EndProject
Project("{FAE04EC0-301F-11D3-BF4B-00C04F79EFBC}") = "Example", "Lesson_0_Example\Example\Example.csproj", "{5EDADBE6-37EF-4065-B42A-320FC13D9C7C}"
EndProject
Project("{FAE04EC0-301F-11D3-BF4B-00C04F79EFBC}") = "ExampleTest", "Lesson_0_Example\ExampleTest\ExampleTest.csproj", "{73FEDC19-5661-477C-AA36-B422E690E052}"
EndProject
Global
	GlobalSection(SolutionConfigurationPlatforms) = preSolution
		Debug|Any CPU = Debug|Any CPU
		Release|Any CPU = Release|Any CPU
	EndGlobalSection
	GlobalSection(ProjectConfigurationPlatforms) = postSolution
		{FB03908C-3C0D-4259-A991-16B085D8F1D1}.Debug|Any CPU.ActiveCfg = Debug|Any CPU
		{FB03908C-3C0D-4259-A991-16B085D8F1D1}.Debug|Any CPU.Build.0 = Debug|Any CPU
		{FB03908C-3C0D-4259-A991-16B085D8F1D1}.Release|Any CPU.ActiveCfg = Release|Any CPU
		{FB03908C-3C0D-4259-A991-16B085D8F1D1}.Release|Any CPU.Build.0 = Release|Any CPU
		{5104F220-9C8B-41E4-8D7B-0A435C3FC485}.Debug|Any CPU.ActiveCfg = Debug|Any CPU
		{5104F220-9C8B-41E4-8D7B-0A435C3FC485}.Debug|Any CPU.Build.0 = Debug|Any CPU
		{5104F220-9C8B-41E4-8D7B-0A435C3FC485}.Release|Any CPU.ActiveCfg = Release|Any CPU
		{5104F220-9C8B-41E4-8D7B-0A435C3FC485}.Release|Any CPU.Build.0 = Release|Any CPU
		{04080959-EAC3-4D5B-A0A2-6E136128E932}.Debug|Any CPU.ActiveCfg = Debug|Any CPU
		{04080959-EAC3-4D5B-A0A2-6E136128E932}.Debug|Any CPU.Build.0 = Debug|Any CPU
		{04080959-EAC3-4D5B-A0A2-6E136128E932}.Release|Any CPU.ActiveCfg = Release|Any CPU
		{04080959-EAC3-4D5B-A0A2-6E136128E932}.Release|Any CPU.Build.0 = Release|Any CPU
		{EE8BADE2-394B-40EF-A9A8-7FFF29C2C3A2}.Debug|Any CPU.ActiveCfg = Debug|Any CPU
		{EE8BADE2-394B-40EF-A9A8-7FFF29C2C3A2}.Debug|Any CPU.Build.0 = Debug|Any CPU
		{EE8BADE2-394B-40EF-A9A8-7FFF29C2C3A2}.Release|Any CPU.ActiveCfg = Release|Any CPU
		{EE8BADE2-394B-40EF-A9A8-7FFF29C2C3A2}.Release|Any CPU.Build.0 = Release|Any CPU
		{AAFD3A19-97F4-4689-B90B-DFC5938AAB5F}.Debug|Any CPU.ActiveCfg = Debug|Any CPU
		{AAFD3A19-97F4-4689-B90B-DFC5938AAB5F}.Debug|Any CPU.Build.0 = Debug|Any CPU
		{AAFD3A19-97F4-4689-B90B-DFC5938AAB5F}.Release|Any CPU.ActiveCfg = Release|Any CPU
		{AAFD3A19-97F4-4689-B90B-DFC5938AAB5F}.Release|Any CPU.Build.0 = Release|Any CPU
		{4863E0DE-989A-4A45-AC8D-858188AAD305}.Debug|Any CPU.ActiveCfg = Debug|Any CPU
		{4863E0DE-989A-4A45-AC8D-858188AAD305}.Debug|Any CPU.Build.0 = Debug|Any CPU
		{4863E0DE-989A-4A45-AC8D-858188AAD305}.Release|Any CPU.ActiveCfg = Release|Any CPU
		{4863E0DE-989A-4A45-AC8D-858188AAD305}.Release|Any CPU.Build.0 = Release|Any CPU
		{B83337D1-B48C-4CC6-822C-04D622AA36E5}.Debug|Any CPU.ActiveCfg = Debug|Any CPU
		{B83337D1-B48C-4CC6-822C-04D622AA36E5}.Debug|Any CPU.Build.0 = Debug|Any CPU
		{B83337D1-B48C-4CC6-822C-04D622AA36E5}.Release|Any CPU.ActiveCfg = Release|Any CPU
		{B83337D1-B48C-4CC6-822C-04D622AA36E5}.Release|Any CPU.Build.0 = Release|Any CPU
		{0A94208A-6FD3-45AB-B70A-90126D8860CF}.Debug|Any CPU.ActiveCfg = Debug|Any CPU
		{0A94208A-6FD3-45AB-B70A-90126D8860CF}.Debug|Any CPU.Build.0 = Debug|Any CPU
		{0A94208A-6FD3-45AB-B70A-90126D8860CF}.Release|Any CPU.ActiveCfg = Release|Any CPU
		{0A94208A-6FD3-45AB-B70A-90126D8860CF}.Release|Any CPU.Build.0 = Release|Any CPU
		{5EDADBE6-37EF-4065-B42A-320FC13D9C7C}.Debug|Any CPU.ActiveCfg = Debug|Any CPU
		{5EDADBE6-37EF-4065-B42A-320FC13D9C7C}.Debug|Any CPU.Build.0 = Debug|Any CPU
		{5EDADBE6-37EF-4065-B42A-320FC13D9C7C}.Release|Any CPU.ActiveCfg = Release|Any CPU
		{5EDADBE6-37EF-4065-B42A-320FC13D9C7C}.Release|Any CPU.Build.0 = Release|Any CPU
		{73FEDC19-5661-477C-AA36-B422E690E052}.Debug|Any CPU.ActiveCfg = Debug|Any CPU
		{73FEDC19-5661-477C-AA36-B422E690E052}.Debug|Any CPU.Build.0 = Debug|Any CPU
		{73FEDC19-5661-477C-AA36-B422E690E052}.Release|Any CPU.ActiveCfg = Release|Any CPU
		{73FEDC19-5661-477C-AA36-B422E690E052}.Release|Any CPU.Build.0 = Release|Any CPU
	EndGlobalSection
	GlobalSection(SolutionProperties) = preSolution
		HideSolutionNode = FALSE
	EndGlobalSection
	GlobalSection(NestedProjects) = preSolution
		{FB03908C-3C0D-4259-A991-16B085D8F1D1} = {DF3C7073-F609-4873-91B8-973FC77CFEAF}
		{5104F220-9C8B-41E4-8D7B-0A435C3FC485} = {DF3C7073-F609-4873-91B8-973FC77CFEAF}
		{04080959-EAC3-4D5B-A0A2-6E136128E932} = {494D84F6-32BD-4EEE-82FE-B733F95DCEB0}
		{EE8BADE2-394B-40EF-A9A8-7FFF29C2C3A2} = {494D84F6-32BD-4EEE-82FE-B733F95DCEB0}
		{AAFD3A19-97F4-4689-B90B-DFC5938AAB5F} = {A6FF4749-6A9D-44FD-8B35-B25FBC5943DE}
		{4863E0DE-989A-4A45-AC8D-858188AAD305} = {A6FF4749-6A9D-44FD-8B35-B25FBC5943DE}
		{B83337D1-B48C-4CC6-822C-04D622AA36E5} = {12FD6613-1240-49E8-B002-15CD9EE7C275}
		{0A94208A-6FD3-45AB-B70A-90126D8860CF} = {12FD6613-1240-49E8-B002-15CD9EE7C275}
		{5EDADBE6-37EF-4065-B42A-320FC13D9C7C} = {DAAA50A8-AA14-4B1A-B41B-2D0FCD28738A}
		{73FEDC19-5661-477C-AA36-B422E690E052} = {DAAA50A8-AA14-4B1A-B41B-2D0FCD28738A}
	EndGlobalSection
EndGlobal
